
Microsoft Visual Studio Solution File, Format Version 12.00
# Visual Studio Version 16
VisualStudioVersion = 16.0.31105.61
MinimumVisualStudioVersion = 10.0.40219.1
Project("{9A19103F-16F7-4668-BE54-9A1E7A4F7556}") = "Calculation", "Calculation\Calculation.csproj", "{09874E4B-578A-44B1-828A-5E435CD44204}"
EndProject
Project("{FAE04EC0-301F-11D3-BF4B-00C04F79EFBC}") = "CalculationTests", "CalculationTests\CalculationTests.csproj", "{2483F4EE-5A0E-450D-8F62-AD06B8C053EC}"
EndProject
Global
	GlobalSection(SolutionConfigurationPlatforms) = preSolution
		Debug|Any CPU = Debug|Any CPU
		Release|Any CPU = Release|Any CPU
	EndGlobalSection
	GlobalSection(ProjectConfigurationPlatforms) = postSolution
		{09874E4B-578A-44B1-828A-5E435CD44204}.Debug|Any CPU.ActiveCfg = Debug|Any CPU
		{09874E4B-578A-44B1-828A-5E435CD44204}.Debug|Any CPU.Build.0 = Debug|Any CPU
		{09874E4B-578A-44B1-828A-5E435CD44204}.Release|Any CPU.ActiveCfg = Release|Any CPU
		{09874E4B-578A-44B1-828A-5E435CD44204}.Release|Any CPU.Build.0 = Release|Any CPU
		{2483F4EE-5A0E-450D-8F62-AD06B8C053EC}.Debug|Any CPU.ActiveCfg = Debug|Any CPU
		{2483F4EE-5A0E-450D-8F62-AD06B8C053EC}.Debug|Any CPU.Build.0 = Debug|Any CPU
		{2483F4EE-5A0E-450D-8F62-AD06B8C053EC}.Release|Any CPU.ActiveCfg = Release|Any CPU
		{2483F4EE-5A0E-450D-8F62-AD06B8C053EC}.Release|Any CPU.Build.0 = Release|Any CPU
	EndGlobalSection
	GlobalSection(SolutionProperties) = preSolution
		HideSolutionNode = FALSE
	EndGlobalSection
	GlobalSection(ExtensibilityGlobals) = postSolution
		SolutionGuid = {5EC48525-7ABC-420E-A600-EAC863546C3E}
	EndGlobalSection
EndGlobal
